github.com/golang/protobuf v1.1.0 h1:0iH4Ffd/meGoXqF2lSAhZHt8X+cPgkfn/cb6Cce5Vpc=
github.com/golang/protobuf v1.1.0/go.mod h1:6lQm79b+lXiMfvg/cZm0SGofjICqVBUtrP5yJMmIC1U=
github.com/google/go-querystring v0.0.0-20170111101155-53e6ce116135 h1:zLTLjkaOFEFIOxY5BWLFLwh+cL8vOBW4XJ2aqLE/Tf0=
github.com/google/go-querystring v0.0.0-20170111101155-53e6ce116135/go.mod h1:odCYkC5MyYFN7vkCjXpyrEuKhc/BUO6wN/zVPAxq5ck=
github.com/samsarahq/go v0.0.0-20180710184812-c046b0801eb2 h1:RUlk/zcTmZ0D3p9ZWGnj0+tP0p1YiOBpAPJmbEBFqZw=
github.com/samsarahq/go v0.0.0-20180710184812-c046b0801eb2/go.mod h1:J7RmrHmcZ0rfq31ocAbPajAg/xxWSXOXy1ruhdpDL5Y=
github.com/soniakeys/bits v1.0.0 h1:Rune9VFefdJvLE0Q5iRCVGiKdSu2iDihs2I6SCm7evw=
github.com/soniakeys/bits v1.0.0/go.mod h1:7yJHB//UizrUr64VFneewK6SX5oeCf0SMbDYe2ey1JA=
github.com/soniakeys/graph v0.0.0-20180428232946-7b5d1f6e4fe0 h1:5SzDp9CftXXW785GFIW35Cy/SV2V4Ec/1lruyTz//HU=
github.com/soniakeys/graph v0.0.0-20180428232946-7b5d1f6e4fe0/go.mod h1:lxpIbor/bIzWUAqvt1Dx92Hr63uWeyuEAbPnsjYbVwM=
github.com/szabba/assert v1.0.0 h1:cQ4DIY4CI6nC8RxujZ0Sm16ofrFiW0/V+ipV8LNMagU=
github.com/szabba/assert v1.0.0/go.mod h1:CqRfMH5Sl+E7KXuzjR7k+qLo8XyA9Sq8XND5zyeI1sQ=
github.com/xanzy/go-gitlab v0.10.8 h1:Q7GKKO5BRKZIExF5FCH4co/whvtP8cvN1kj9/ZAzgYA=
github.com/xanzy/go-gitlab v0.10.8/go.mod h1:CRKHkvFWNU6C3AEfqLWjnCNnAs4nj8Zk95rX2S3X6Mw=
golang.org/x/net v0.0.0-20180816102801-aaf60122140d h1:211XH5RPVP5tOBkz6xm3/b7KxtjqVf6PYG+evqJpE08=
golang.org/x/net v0.0.0-20180816102801-aaf60122140d/go.mod h1:mL1N/T3taQHkDXs73rZJwtUhF3w3ftmwwsq0BUmARs4=
golang.org/x/oauth2 v0.0.0-20180724155351-3d292e4d0cdc h1:3ElrZeO6IBP+M8kgu5YFwRo92Gqr+zBg3aooYQ6ziqU=
golang.org/x/oauth2 v0.0.0-20180724155351-3d292e4d0cdc/go.mod h1:N/0e6XlmueqKjAGxoOufVs8QHGRruUQn6yWY3a++T0U=
golang.org/x/sync v0.0.0-20180314180146-1d60e4601c6f h1:wMNYb4v58l5UBM7MYRLPG6ZhfOqbKu7X5eyFl8ZhKvA=
golang.org/x/sync v0.0.0-20180314180146-1d60e4601c6f/go.mod h1:RxMgew5VJxzue5/jJTE5uejpjVlOe/izrB70Jof72aM=
google.golang.org/appengine v1.1.0 h1:igQkv0AAhEIvTEpD5LIpAfav2eeVO9HBTjvKHVJPRSs=
google.golang.org/appengine v1.1.0/go.mod h1:EbEs0AVv82hx2wNQdGPgUI5lhzA/G0D9YwlJXL52JkM=
