# This file is autogenerated, do not edit; changes may be undone by the next 'dep ensure'.


[[projects]]
  digest = "1:15042ad3498153684d09f393bbaec6b216c8eec6d61f63dff711de7d64ed8861"
  name = "github.com/golang/protobuf"
  packages = ["proto"]
  pruneopts = "UT"
  revision = "b4deda0973fb4c70b50d226b1af49f3da59f5265"
  version = "v1.1.0"

[[projects]]
  branch = "master"
  digest = "1:a63cff6b5d8b95638bfe300385d93b2a6d9d687734b863da8e09dc834510a690"
  name = "github.com/google/go-querystring"
  packages = ["query"]
  pruneopts = "UT"
  revision = "53e6ce116135b80d037921a7fdd5138cf32d7a8a"

[[projects]]
  branch = "master"
  digest = "1:0734027cf0eb9c4c15942a473cc10db0a2bbb99e6533a3bdc71a1b16642f3e2f"
  name = "github.com/samsarahq/go"
  packages = ["oops"]
  pruneopts = "UT"
  revision = "c046b0801eb2cce61be49fa8ee8b38eda4a9fc54"

[[projects]]
  digest = "1:9f6fbd3a29d0dee2e6c78a019d1419e406a2f7af3ece5676d7c80ecf27685502"
  name = "github.com/soniakeys/bits"
  packages = ["."]
  pruneopts = "UT"
  revision = "6d078272e8c4c60e9a39dbd1415f6ca61ee30be7"
  version = "v1.0.0"

[[projects]]
  branch = "master"
  digest = "1:c01ed0e7fe500a253b0107f92ea01c66ca54993576a34431d090b0620b1deee0"
  name = "github.com/soniakeys/graph"
  packages = ["."]
  pruneopts = "UT"
  revision = "7b5d1f6e4fe06231cf5c9a55229321b73e167913"

[[projects]]
  branch = "master"
  digest = "1:2aed81199df31595370bfaed56c70d6ab57678e086936061df05c083977cbfa6"
  name = "github.com/szabba/assert"
  packages = ["."]
  pruneopts = "UT"
  revision = "8a229384affe0fafd7b75cbccdb4a6f59a77f8b1"

[[projects]]
  digest = "1:f0a751f9c93fde1a5810ad158a07d6fa1b4ee8a8f2f632488b0277a6e815befc"
  name = "github.com/xanzy/go-gitlab"
  packages = ["."]
  pruneopts = "UT"
  revision = "4f616cbce6a5f335461881701f772d8b8e16c2f6"
  version = "v0.10.8"

[[projects]]
  branch = "master"
  digest = "1:d6b719875cf8091fbab38527d81d34e71f4521b9ee9ccfbd4a32cff2ac5af96e"
  name = "golang.org/x/net"
  packages = [
    "context",
    "context/ctxhttp",
  ]
  pruneopts = "UT"
  revision = "aaf60122140d3fcf75376d319f0554393160eb50"

[[projects]]
  branch = "master"
  digest = "1:af19f6e6c369bf51ef226e989034cd88a45083173c02ac4d7ab74c9a90d356b7"
  name = "golang.org/x/oauth2"
  packages = [
    ".",
    "internal",
  ]
  pruneopts = "UT"
  revision = "3d292e4d0cdc3a0113e6d207bb137145ef1de42f"

[[projects]]
  digest = "1:328b5e4f197d928c444a51a75385f4b978915c0e75521f0ad6a3db976c97a7d3"
  name = "google.golang.org/appengine"
  packages = [
    "internal",
    "internal/base",
    "internal/datastore",
    "internal/log",
    "internal/remote_api",
    "internal/urlfetch",
    "urlfetch",
  ]
  pruneopts = "UT"
  revision = "b1f26356af11148e710935ed1ac8a7f5702c7612"
  version = "v1.1.0"

[solve-meta]
  analyzer-name = "dep"
  analyzer-version = 1
  input-imports = [
    "github.com/samsarahq/go/oops",
    "github.com/soniakeys/graph",
    "github.com/szabba/assert",
    "github.com/xanzy/go-gitlab",
  ]
  solver-name = "gps-cdcl"
  solver-version = 1
